
Microsoft Visual Studio Solution File, Format Version 12.00
# Visual Studio Version 17
VisualStudioVersion = 17.4.33110.190
MinimumVisualStudioVersion = 10.0.40219.1
Project("{FAE04EC0-301F-11D3-BF4B-00C04F79EFBC}") = "MyFirstGitProject", "MyFirstGitProject.csproj", "{25CB5767-0EA3-4117-A9B2-BF66C10EF9CE}"
EndProject
Global
	GlobalSection(SolutionConfigurationPlatforms) = preSolution
		Debug|Any CPU = Debug|Any CPU
		Release|Any CPU = Release|Any CPU
	EndGlobalSection
	GlobalSection(ProjectConfigurationPlatforms) = postSolution
		{25CB5767-0EA3-4117-A9B2-BF66C10EF9CE}.Debug|Any CPU.ActiveCfg = Debug|Any CPU
		{25CB5767-0EA3-4117-A9B2-BF66C10EF9CE}.Debug|Any CPU.Build.0 = Debug|Any CPU
		{25CB5767-0EA3-4117-A9B2-BF66C10EF9CE}.Release|Any CPU.ActiveCfg = Release|Any CPU
		{25CB5767-0EA3-4117-A9B2-BF66C10EF9CE}.Release|Any CPU.Build.0 = Release|Any CPU
	EndGlobalSection
	GlobalSection(SolutionProperties) = preSolution
		HideSolutionNode = FALSE
	EndGlobalSection
	GlobalSection(ExtensibilityGlobals) = postSolution
		SolutionGuid = {EE2B1EB0-CCDB-4C42-82FD-040D8FF07B84}
	EndGlobalSection
EndGlobal
